
Microsoft Visual Studio Solution File, Format Version 12.00
# Visual Studio Version 17
VisualStudioVersion = 17.0.31903.59
MinimumVisualStudioVersion = 10.0.40219.1
Project("{2150E333-8FDC-42A3-9474-1A3956D46DE8}") = "src", "src", "{827E0CD3-B72D-47B6-A68D-7590B98EB39B}"
EndProject
Project("{FAE04EC0-301F-11D3-BF4B-00C04F79EFBC}") = "Strayta.Core", "src\Strayta.Core\Strayta.Core.csproj", "{3E56E310-043F-423F-AAF3-AEB1EA0810AA}"
EndProject
Project("{FAE04EC0-301F-11D3-BF4B-00C04F79EFBC}") = "Strayta.Psd", "src\Strayta.Psd\Strayta.Psd.csproj", "{0D43A760-9275-4774-989C-CDB83D4F991B}"
EndProject
Project("{FAE04EC0-301F-11D3-BF4B-00C04F79EFBC}") = "Strayta.Rendering", "src\Strayta.Rendering\Strayta.Rendering.csproj", "{2A4D774A-3DF0-4C6D-90F8-3AAC0FCE34B9}"
EndProject
Project("{2150E333-8FDC-42A3-9474-1A3956D46DE8}") = "tests", "tests", "{0AB3BF05-4346-4AA6-1389-037BE0695223}"
EndProject
Project("{FAE04EC0-301F-11D3-BF4B-00C04F79EFBC}") = "Strayta.Core.Tests", "tests\Strayta.Core.Tests\Strayta.Core.Tests.csproj", "{3A2C2D2D-CD82-490B-8959-A64292B59F91}"
EndProject
Project("{FAE04EC0-301F-11D3-BF4B-00C04F79EFBC}") = "Strayta.Psd.Tests", "tests\Strayta.Psd.Tests\Strayta.Psd.Tests.csproj", "{B0BE0D46-3998-4C20-B3D1-3F38F4DDDD8D}"
EndProject
Project("{FAE04EC0-301F-11D3-BF4B-00C04F79EFBC}") = "Strayta.Rendering.Tests", "tests\Strayta.Rendering.Tests\Strayta.Rendering.Tests.csproj", "{8E5F9574-34F8-4A5F-81CF-71E583DF2C3C}"
EndProject
Project("{2150E333-8FDC-42A3-9474-1A3956D46DE8}") = "tools", "tools", "{07C2787E-EAC7-C090-1BA3-A61EC2A24D84}"
EndProject
Project("{FAE04EC0-301F-11D3-BF4B-00C04F79EFBC}") = "Strayta.Inspect", "tools\Strayta.Inspect\Strayta.Inspect.csproj", "{4F85EFAD-0FED-49DE-A08A-B87992C61905}"
EndProject
Project("{2150E333-8FDC-42A3-9474-1A3956D46DE8}") = "apps", "apps", "{1787FE1D-075E-9E68-7218-25F1BD1BBEAB}"
EndProject
Project("{FAE04EC0-301F-11D3-BF4B-00C04F79EFBC}") = "Strayta.Editor", "apps\Strayta.Editor\Strayta.Editor.csproj", "{9CE9CBF8-BEAB-4B6B-9F87-7E861E296C42}"
EndProject
Project("{FAE04EC0-301F-11D3-BF4B-00C04F79EFBC}") = "Strayta.Imaging", "src\Strayta.Imaging\Strayta.Imaging.csproj", "{EF4BB128-1411-4422-A752-4A2473D1CD63}"
EndProject
Project("{FAE04EC0-301F-11D3-BF4B-00C04F79EFBC}") = "Strayta.Imaging.Tests", "tests\Strayta.Imaging.Tests\Strayta.Imaging.Tests.csproj", "{4D50F605-EED4-40B6-B748-A8CCA5A46203}"
EndProject
Global
	GlobalSection(SolutionConfigurationPlatforms) = preSolution
		Debug|Any CPU = Debug|Any CPU
		Debug|x64 = Debug|x64
		Debug|x86 = Debug|x86
		Release|Any CPU = Release|Any CPU
		Release|x64 = Release|x64
		Release|x86 = Release|x86
	EndGlobalSection
	GlobalSection(ProjectConfigurationPlatforms) = postSolution
		{3E56E310-043F-423F-AAF3-AEB1EA0810AA}.Debug|Any CPU.ActiveCfg = Debug|Any CPU
		{3E56E310-043F-423F-AAF3-AEB1EA0810AA}.Debug|Any CPU.Build.0 = Debug|Any CPU
		{3E56E310-043F-423F-AAF3-AEB1EA0810AA}.Debug|x64.ActiveCfg = Debug|Any CPU
		{3E56E310-043F-423F-AAF3-AEB1EA0810AA}.Debug|x64.Build.0 = Debug|Any CPU
		{3E56E310-043F-423F-AAF3-AEB1EA0810AA}.Debug|x86.ActiveCfg = Debug|Any CPU
		{3E56E310-043F-423F-AAF3-AEB1EA0810AA}.Debug|x86.Build.0 = Debug|Any CPU
		{3E56E310-043F-423F-AAF3-AEB1EA0810AA}.Release|Any CPU.ActiveCfg = Release|Any CPU
		{3E56E310-043F-423F-AAF3-AEB1EA0810AA}.Release|Any CPU.Build.0 = Release|Any CPU
		{3E56E310-043F-423F-AAF3-AEB1EA0810AA}.Release|x64.ActiveCfg = Release|Any CPU
		{3E56E310-043F-423F-AAF3-AEB1EA0810AA}.Release|x64.Build.0 = Release|Any CPU
		{3E56E310-043F-423F-AAF3-AEB1EA0810AA}.Release|x86.ActiveCfg = Release|Any CPU
		{3E56E310-043F-423F-AAF3-AEB1EA0810AA}.Release|x86.Build.0 = Release|Any CPU
		{0D43A760-9275-4774-989C-CDB83D4F991B}.Debug|Any CPU.ActiveCfg = Debug|Any CPU
		{0D43A760-9275-4774-989C-CDB83D4F991B}.Debug|Any CPU.Build.0 = Debug|Any CPU
		{0D43A760-9275-4774-989C-CDB83D4F991B}.Debug|x64.ActiveCfg = Debug|Any CPU
		{0D43A760-9275-4774-989C-CDB83D4F991B}.Debug|x64.Build.0 = Debug|Any CPU
		{0D43A760-9275-4774-989C-CDB83D4F991B}.Debug|x86.ActiveCfg = Debug|Any CPU
		{0D43A760-9275-4774-989C-CDB83D4F991B}.Debug|x86.Build.0 = Debug|Any CPU
		{0D43A760-9275-4774-989C-CDB83D4F991B}.Release|Any CPU.ActiveCfg = Release|Any CPU
		{0D43A760-9275-4774-989C-CDB83D4F991B}.Release|Any CPU.Build.0 = Release|Any CPU
		{0D43A760-9275-4774-989C-CDB83D4F991B}.Release|x64.ActiveCfg = Release|Any CPU
		{0D43A760-9275-4774-989C-CDB83D4F991B}.Release|x64.Build.0 = Release|Any CPU
		{0D43A760-9275-4774-989C-CDB83D4F991B}.Release|x86.ActiveCfg = Release|Any CPU
		{0D43A760-9275-4774-989C-CDB83D4F991B}.Release|x86.Build.0 = Release|Any CPU
		{2A4D774A-3DF0-4C6D-90F8-3AAC0FCE34B9}.Debug|Any CPU.ActiveCfg = Debug|Any CPU
		{2A4D774A-3DF0-4C6D-90F8-3AAC0FCE34B9}.Debug|Any CPU.Build.0 = Debug|Any CPU
		{2A4D774A-3DF0-4C6D-90F8-3AAC0FCE34B9}.Debug|x64.ActiveCfg = Debug|Any CPU
		{2A4D774A-3DF0-4C6D-90F8-3AAC0FCE34B9}.Debug|x64.Build.0 = Debug|Any CPU
		{2A4D774A-3DF0-4C6D-90F8-3AAC0FCE34B9}.Debug|x86.ActiveCfg = Debug|Any CPU
		{2A4D774A-3DF0-4C6D-90F8-3AAC0FCE34B9}.Debug|x86.Build.0 = Debug|Any CPU
		{2A4D774A-3DF0-4C6D-90F8-3AAC0FCE34B9}.Release|Any CPU.ActiveCfg = Release|Any CPU
		{2A4D774A-3DF0-4C6D-90F8-3AAC0FCE34B9}.Release|Any CPU.Build.0 = Release|Any CPU
		{2A4D774A-3DF0-4C6D-90F8-3AAC0FCE34B9}.Release|x64.ActiveCfg = Release|Any CPU
		{2A4D774A-3DF0-4C6D-90F8-3AAC0FCE34B9}.Release|x64.Build.0 = Release|Any CPU
		{2A4D774A-3DF0-4C6D-90F8-3AAC0FCE34B9}.Release|x86.ActiveCfg = Release|Any CPU
		{2A4D774A-3DF0-4C6D-90F8-3AAC0FCE34B9}.Release|x86.Build.0 = Release|Any CPU
		{3A2C2D2D-CD82-490B-8959-A64292B59F91}.Debug|Any CPU.ActiveCfg = Debug|Any CPU
		{3A2C2D2D-CD82-490B-8959-A64292B59F91}.Debug|Any CPU.Build.0 = Debug|Any CPU
		{3A2C2D2D-CD82-490B-8959-A64292B59F91}.Debug|x64.ActiveCfg = Debug|Any CPU
		{3A2C2D2D-CD82-490B-8959-A64292B59F91}.Debug|x64.Build.0 = Debug|Any CPU
		{3A2C2D2D-CD82-490B-8959-A64292B59F91}.Debug|x86.ActiveCfg = Debug|Any CPU
		{3A2C2D2D-CD82-490B-8959-A64292B59F91}.Debug|x86.Build.0 = Debug|Any CPU
		{3A2C2D2D-CD82-490B-8959-A64292B59F91}.Release|Any CPU.ActiveCfg = Release|Any CPU
		{3A2C2D2D-CD82-490B-8959-A64292B59F91}.Release|Any CPU.Build.0 = Release|Any CPU
		{3A2C2D2D-CD82-490B-8959-A64292B59F91}.Release|x64.ActiveCfg = Release|Any CPU
		{3A2C2D2D-CD82-490B-8959-A64292B59F91}.Release|x64.Build.0 = Release|Any CPU
		{3A2C2D2D-CD82-490B-8959-A64292B59F91}.Release|x86.ActiveCfg = Release|Any CPU
		{3A2C2D2D-CD82-490B-8959-A64292B59F91}.Release|x86.Build.0 = Release|Any CPU
		{B0BE0D46-3998-4C20-B3D1-3F38F4DDDD8D}.Debug|Any CPU.ActiveCfg = Debug|Any CPU
		{B0BE0D46-3998-4C20-B3D1-3F38F4DDDD8D}.Debug|Any CPU.Build.0 = Debug|Any CPU
		{B0BE0D46-3998-4C20-B3D1-3F38F4DDDD8D}.Debug|x64.ActiveCfg = Debug|Any CPU
		{B0BE0D46-3998-4C20-B3D1-3F38F4DDDD8D}.Debug|x64.Build.0 = Debug|Any CPU
		{B0BE0D46-3998-4C20-B3D1-3F38F4DDDD8D}.Debug|x86.ActiveCfg = Debug|Any CPU
		{B0BE0D46-3998-4C20-B3D1-3F38F4DDDD8D}.Debug|x86.Build.0 = Debug|Any CPU
		{B0BE0D46-3998-4C20-B3D1-3F38F4DDDD8D}.Release|Any CPU.ActiveCfg = Release|Any CPU
		{B0BE0D46-3998-4C20-B3D1-3F38F4DDDD8D}.Release|Any CPU.Build.0 = Release|Any CPU
		{B0BE0D46-3998-4C20-B3D1-3F38F4DDDD8D}.Release|x64.ActiveCfg = Release|Any CPU
		{B0BE0D46-3998-4C20-B3D1-3F38F4DDDD8D}.Release|x64.Build.0 = Release|Any CPU
		{B0BE0D46-3998-4C20-B3D1-3F38F4DDDD8D}.Release|x86.ActiveCfg = Release|Any CPU
		{B0BE0D46-3998-4C20-B3D1-3F38F4DDDD8D}.Release|x86.Build.0 = Release|Any CPU
		{8E5F9574-34F8-4A5F-81CF-71E583DF2C3C}.Debug|Any CPU.ActiveCfg = Debug|Any CPU
		{8E5F9574-34F8-4A5F-81CF-71E583DF2C3C}.Debug|Any CPU.Build.0 = Debug|Any CPU
		{8E5F9574-34F8-4A5F-81CF-71E583DF2C3C}.Debug|x64.ActiveCfg = Debug|Any CPU
		{8E5F9574-34F8-4A5F-81CF-71E583DF2C3C}.Debug|x64.Build.0 = Debug|Any CPU
		{8E5F9574-34F8-4A5F-81CF-71E583DF2C3C}.Debug|x86.ActiveCfg = Debug|Any CPU
		{8E5F9574-34F8-4A5F-81CF-71E583DF2C3C}.Debug|x86.Build.0 = Debug|Any CPU
		{8E5F9574-34F8-4A5F-81CF-71E583DF2C3C}.Release|Any CPU.ActiveCfg = Release|Any CPU
		{8E5F9574-34F8-4A5F-81CF-71E583DF2C3C}.Release|Any CPU.Build.0 = Release|Any CPU
		{8E5F9574-34F8-4A5F-81CF-71E583DF2C3C}.Release|x64.ActiveCfg = Release|Any CPU
		{8E5F9574-34F8-4A5F-81CF-71E583DF2C3C}.Release|x64.Build.0 = Release|Any CPU
		{8E5F9574-34F8-4A5F-81CF-71E583DF2C3C}.Release|x86.ActiveCfg = Release|Any CPU
		{8E5F9574-34F8-4A5F-81CF-71E583DF2C3C}.Release|x86.Build.0 = Release|Any CPU
		{4F85EFAD-0FED-49DE-A08A-B87992C61905}.Debug|Any CPU.ActiveCfg = Debug|Any CPU
		{4F85EFAD-0FED-49DE-A08A-B87992C61905}.Debug|Any CPU.Build.0 = Debug|Any CPU
		{4F85EFAD-0FED-49DE-A08A-B87992C61905}.Debug|x64.ActiveCfg = Debug|Any CPU
		{4F85EFAD-0FED-49DE-A08A-B87992C61905}.Debug|x64.Build.0 = Debug|Any CPU
		{4F85EFAD-0FED-49DE-A08A-B87992C61905}.Debug|x86.ActiveCfg = Debug|Any CPU
		{4F85EFAD-0FED-49DE-A08A-B87992C61905}.Debug|x86.Build.0 = Debug|Any CPU
		{4F85EFAD-0FED-49DE-A08A-B87992C61905}.Release|Any CPU.ActiveCfg = Release|Any CPU
		{4F85EFAD-0FED-49DE-A08A-B87992C61905}.Release|Any CPU.Build.0 = Release|Any CPU
		{4F85EFAD-0FED-49DE-A08A-B87992C61905}.Release|x64.ActiveCfg = Release|Any CPU
		{4F85EFAD-0FED-49DE-A08A-B87992C61905}.Release|x64.Build.0 = Release|Any CPU
		{4F85EFAD-0FED-49DE-A08A-B87992C61905}.Release|x86.ActiveCfg = Release|Any CPU
		{4F85EFAD-0FED-49DE-A08A-B87992C61905}.Release|x86.Build.0 = Release|Any CPU
		{9CE9CBF8-BEAB-4B6B-9F87-7E861E296C42}.Debug|Any CPU.ActiveCfg = Debug|Any CPU
		{9CE9CBF8-BEAB-4B6B-9F87-7E861E296C42}.Debug|Any CPU.Build.0 = Debug|Any CPU
		{9CE9CBF8-BEAB-4B6B-9F87-7E861E296C42}.Debug|x64.ActiveCfg = Debug|Any CPU
		{9CE9CBF8-BEAB-4B6B-9F87-7E861E296C42}.Debug|x64.Build.0 = Debug|Any CPU
		{9CE9CBF8-BEAB-4B6B-9F87-7E861E296C42}.Debug|x86.ActiveCfg = Debug|Any CPU
		{9CE9CBF8-BEAB-4B6B-9F87-7E861E296C42}.Debug|x86.Build.0 = Debug|Any CPU
		{9CE9CBF8-BEAB-4B6B-9F87-7E861E296C42}.Release|Any CPU.ActiveCfg = Release|Any CPU
		{9CE9CBF8-BEAB-4B6B-9F87-7E861E296C42}.Release|Any CPU.Build.0 = Release|Any CPU
		{9CE9CBF8-BEAB-4B6B-9F87-7E861E296C42}.Release|x64.ActiveCfg = Release|Any CPU
		{9CE9CBF8-BEAB-4B6B-9F87-7E861E296C42}.Release|x64.Build.0 = Release|Any CPU
		{9CE9CBF8-BEAB-4B6B-9F87-7E861E296C42}.Release|x86.ActiveCfg = Release|Any CPU
		{9CE9CBF8-BEAB-4B6B-9F87-7E861E296C42}.Release|x86.Build.0 = Release|Any CPU
		{EF4BB128-1411-4422-A752-4A2473D1CD63}.Debug|Any CPU.ActiveCfg = Debug|Any CPU
		{EF4BB128-1411-4422-A752-4A2473D1CD63}.Debug|Any CPU.Build.0 = Debug|Any CPU
		{EF4BB128-1411-4422-A752-4A2473D1CD63}.Debug|x64.ActiveCfg = Debug|Any CPU
		{EF4BB128-1411-4422-A752-4A2473D1CD63}.Debug|x64.Build.0 = Debug|Any CPU
		{EF4BB128-1411-4422-A752-4A2473D1CD63}.Debug|x86.ActiveCfg = Debug|Any CPU
		{EF4BB128-1411-4422-A752-4A2473D1CD63}.Debug|x86.Build.0 = Debug|Any CPU
		{EF4BB128-1411-4422-A752-4A2473D1CD63}.Release|Any CPU.ActiveCfg = Release|Any CPU
		{EF4BB128-1411-4422-A752-4A2473D1CD63}.Release|Any CPU.Build.0 = Release|Any CPU
		{EF4BB128-1411-4422-A752-4A2473D1CD63}.Release|x64.ActiveCfg = Release|Any CPU
		{EF4BB128-1411-4422-A752-4A2473D1CD63}.Release|x64.Build.0 = Release|Any CPU
		{EF4BB128-1411-4422-A752-4A2473D1CD63}.Release|x86.ActiveCfg = Release|Any CPU
		{EF4BB128-1411-4422-A752-4A2473D1CD63}.Release|x86.Build.0 = Release|Any CPU
		{4D50F605-EED4-40B6-B748-A8CCA5A46203}.Debug|Any CPU.ActiveCfg = Debug|Any CPU
		{4D50F605-EED4-40B6-B748-A8CCA5A46203}.Debug|Any CPU.Build.0 = Debug|Any CPU
		{4D50F605-EED4-40B6-B748-A8CCA5A46203}.Debug|x64.ActiveCfg = Debug|Any CPU
		{4D50F605-EED4-40B6-B748-A8CCA5A46203}.Debug|x64.Build.0 = Debug|Any CPU
		{4D50F605-EED4-40B6-B748-A8CCA5A46203}.Debug|x86.ActiveCfg = Debug|Any CPU
		{4D50F605-EED4-40B6-B748-A8CCA5A46203}.Debug|x86.Build.0 = Debug|Any CPU
		{4D50F605-EED4-40B6-B748-A8CCA5A46203}.Release|Any CPU.ActiveCfg = Release|Any CPU
		{4D50F605-EED4-40B6-B748-A8CCA5A46203}.Release|Any CPU.Build.0 = Release|Any CPU
		{4D50F605-EED4-40B6-B748-A8CCA5A46203}.Release|x64.ActiveCfg = Release|Any CPU
		{4D50F605-EED4-40B6-B748-A8CCA5A46203}.Release|x64.Build.0 = Release|Any CPU
		{4D50F605-EED4-40B6-B748-A8CCA5A46203}.Release|x86.ActiveCfg = Release|Any CPU
		{4D50F605-EED4-40B6-B748-A8CCA5A46203}.Release|x86.Build.0 = Release|Any CPU
	EndGlobalSection
	GlobalSection(SolutionProperties) = preSolution
		HideSolutionNode = FALSE
	EndGlobalSection
	GlobalSection(NestedProjects) = preSolution
		{3E56E310-043F-423F-AAF3-AEB1EA0810AA} = {827E0CD3-B72D-47B6-A68D-7590B98EB39B}
		{0D43A760-9275-4774-989C-CDB83D4F991B} = {827E0CD3-B72D-47B6-A68D-7590B98EB39B}
		{2A4D774A-3DF0-4C6D-90F8-3AAC0FCE34B9} = {827E0CD3-B72D-47B6-A68D-7590B98EB39B}
		{3A2C2D2D-CD82-490B-8959-A64292B59F91} = {0AB3BF05-4346-4AA6-1389-037BE0695223}
		{B0BE0D46-3998-4C20-B3D1-3F38F4DDDD8D} = {0AB3BF05-4346-4AA6-1389-037BE0695223}
		{8E5F9574-34F8-4A5F-81CF-71E583DF2C3C} = {0AB3BF05-4346-4AA6-1389-037BE0695223}
		{4F85EFAD-0FED-49DE-A08A-B87992C61905} = {07C2787E-EAC7-C090-1BA3-A61EC2A24D84}
		{9CE9CBF8-BEAB-4B6B-9F87-7E861E296C42} = {1787FE1D-075E-9E68-7218-25F1BD1BBEAB}
		{EF4BB128-1411-4422-A752-4A2473D1CD63} = {827E0CD3-B72D-47B6-A68D-7590B98EB39B}
		{4D50F605-EED4-40B6-B748-A8CCA5A46203} = {0AB3BF05-4346-4AA6-1389-037BE0695223}
	EndGlobalSection
EndGlobal
